<?xml version="1.0" encoding="utf-8"?>
<Project ToolsVersion="17.0" xmlns="http://schemas.microsoft.com/developer/msbuild/2003">
  <ItemGroup>
    <ClCompile Include="C:\Users\kryst\Desktop\xrSim\lolec\OpenXR-SDK-Source-main\src\common\gfxwrapper_opengl.c">
      <Filter>Source Files</Filter>
    </ClCompile>
  </ItemGroup>
  <ItemGroup>
    <ClInclude Include="C:\Users\kryst\Desktop\xrSim\lolec\OpenXR-SDK-Source-main\src\common\gfxwrapper_opengl.h">
      <Filter>Header Files</Filter>
    </ClInclude>
  </ItemGroup>
  <ItemGroup>
    <CustomBuild Include="C:\Users\kryst\Desktop\xrSim\lolec\OpenXR-SDK-Source-main\src\CMakeLists.txt" />
  </ItemGroup>
  <ItemGroup>
    <Filter Include="Header Files">
      <UniqueIdentifier>{1CC8F645-C4DF-3088-8E55-1D97CDFAFB19}</UniqueIdentifier>
    </Filter>
    <Filter Include="Source Files">
      <UniqueIdentifier>{0016B141-DBB6-38DE-AFF6-CCB1C9717522}</UniqueIdentifier>
    </Filter>
  </ItemGroup>
</Project>
