<?xml version="1.0" encoding="utf-8"?>
<Project ToolsVersion="17.0" xmlns="http://schemas.microsoft.com/developer/msbuild/2003">
  <ItemGroup>
    <CustomBuild Include="C:\Users\kryst\Desktop\xrSim\lolec\OpenXR-SDK-Source-main\build\win64\CMakeFiles\bc0e0f7ac90e705c16fb8710dcbf09cd\xr_generated_dispatch_table_core.c.rule">
      <Filter>CMake Rules</Filter>
    </CustomBuild>
    <CustomBuild Include="C:\Users\kryst\Desktop\xrSim\lolec\OpenXR-SDK-Source-main\build\win64\CMakeFiles\bc0e0f7ac90e705c16fb8710dcbf09cd\xr_generated_dispatch_table_core.h.rule">
      <Filter>CMake Rules</Filter>
    </CustomBuild>
    <CustomBuild Include="C:\Users\kryst\Desktop\xrSim\lolec\OpenXR-SDK-Source-main\build\win64\CMakeFiles\8939fa50fe5150a726618f712230ac82\xr_global_generated_files.rule">
      <Filter>CMake Rules</Filter>
    </CustomBuild>
    <CustomBuild Include="C:\Users\kryst\Desktop\xrSim\lolec\OpenXR-SDK-Source-main\src\CMakeLists.txt" />
  </ItemGroup>
  <ItemGroup>
    <None Include="C:\Users\kryst\Desktop\xrSim\lolec\OpenXR-SDK-Source-main\build\win64\src\CMakeFiles\xr_global_generated_files" />
  </ItemGroup>
  <ItemGroup>
    <Filter Include="CMake Rules">
      <UniqueIdentifier>{D1510FFA-839B-3B31-AA17-F2DD16E299A4}</UniqueIdentifier>
    </Filter>
  </ItemGroup>
</Project>
