
Microsoft Visual Studio Solution File, Format Version 12.00
# Visual Studio Version 17
Project("{2150E333-8FDC-42A3-9474-1A3956D46DE8}") = "CMake predefined targets", "CMake predefined targets", "{ECC4B7EB-190B-3818-8405-BFEA915C07E0}"
EndProject
Project("{2150E333-8FDC-42A3-9474-1A3956D46DE8}") = "CTestDashboardTargets", "CTestDashboardTargets", "{F433B67F-0FE8-3E75-B52C-9A5118D6C26E}"
EndProject
Project("{2150E333-8FDC-42A3-9474-1A3956D46DE8}") = "Generated", "Generated", "{CFA3800F-025C-3024-AD8C-573C738E2249}"
EndProject
Project("{2150E333-8FDC-42A3-9474-1A3956D46DE8}") = "Helpers", "Helpers", "{F547F0CC-9A38-3452-9F93-CD3D0A2D2ABE}"
EndProject
Project("{2150E333-8FDC-42A3-9474-1A3956D46DE8}") = "Layers", "Layers", "{3FAA5A68-0503-3DD6-AD0D-1A0D87B2FF18}"
EndProject
Project("{2150E333-8FDC-42A3-9474-1A3956D46DE8}") = "Loader", "Loader", "{29ECAD22-88BE-324E-A3AC-B21A2C2872E2}"
EndProject
Project("{2150E333-8FDC-42A3-9474-1A3956D46DE8}") = "Loader Tests", "Loader Tests", "{14103D38-C83B-3ABE-98F2-EE02BA6D2344}"
EndProject
Project("{2150E333-8FDC-42A3-9474-1A3956D46DE8}") = "Samples", "Samples", "{C5C88F98-86E7-36AC-91B9-D5911E354BAE}"
EndProject
Project("{2150E333-8FDC-42A3-9474-1A3956D46DE8}") = "Tests", "Tests", "{7E8AD21F-C670-3C16-A134-A49610810AAC}"
EndProject
Project("{8BC9CEB8-8B4A-11D0-8D11-00A0C91BC942}") = "ALL_BUILD", "ALL_BUILD.vcxproj", "{80D35FAF-D964-302C-A24E-528C0501F58E}"
	ProjectSection(ProjectDependencies) = postProject
		{8d538cbe-01bf-4a2e-a98a-6c368fdf13d7} = {8d538cbe-01bf-4a2e-a98a-6c368fdf13d7}
		{8bd3552a-2cfb-4a59-ab15-2031b97ada1e} = {8bd3552a-2cfb-4a59-ab15-2031b97ada1e}
		{DDEB0100-6052-3815-91E5-E699C3551093} = {DDEB0100-6052-3815-91E5-E699C3551093}
		{C0DDF672-658C-3DE3-BD4A-36B0332CE2BD} = {C0DDF672-658C-3DE3-BD4A-36B0332CE2BD}
		{50B3F631-8FC3-33FF-A60A-BDEE7132C1A8} = {50B3F631-8FC3-33FF-A60A-BDEE7132C1A8}
		{9A6DA909-A867-343E-9B6F-0F40494A986B} = {9A6DA909-A867-343E-9B6F-0F40494A986B}
		{9B30521F-C4A2-3FCF-A4EF-C98CEB38BDE5} = {9B30521F-C4A2-3FCF-A4EF-C98CEB38BDE5}
		{53225BC5-A349-3833-8218-B325206208BD} = {53225BC5-A349-3833-8218-B325206208BD}
		{7E9E7A59-23B7-3390-96B2-98B014C9C1BB} = {7E9E7A59-23B7-3390-96B2-98B014C9C1BB}
		{51EDEF0B-62BF-3CFE-B0CC-440C6DAA3157} = {51EDEF0B-62BF-3CFE-B0CC-440C6DAA3157}
		{67711E3E-3C75-389D-9A1C-28F42A01B23E} = {67711E3E-3C75-389D-9A1C-28F42A01B23E}
		{747A9889-0B15-3AFE-8A50-2970ABB2507D} = {747A9889-0B15-3AFE-8A50-2970ABB2507D}
		{922D334D-B474-3C57-93A5-29BBB4980A6C} = {922D334D-B474-3C57-93A5-29BBB4980A6C}
		{5AE6C415-2C05-37E0-9AE7-FD49C2ABDB5E} = {5AE6C415-2C05-37E0-9AE7-FD49C2ABDB5E}
		{373DD5C6-6208-3A87-B824-6F711DBA3E0B} = {373DD5C6-6208-3A87-B824-6F711DBA3E0B}
	EndProjectSection
EndProject
Project("{8BC9CEB8-8B4A-11D0-8D11-00A0C91BC942}") = "Catch2", "src\external\catch2\src\Catch2.vcxproj", "{8d538cbe-01bf-4a2e-a98a-6c368fdf13d7}"
	ProjectSection(ProjectDependencies) = postProject
		{9A6DA909-A867-343E-9B6F-0F40494A986B} = {9A6DA909-A867-343E-9B6F-0F40494A986B}
	EndProjectSection
EndProject
Project("{8BC9CEB8-8B4A-11D0-8D11-00A0C91BC942}") = "Catch2WithMain", "src\external\catch2\src\Catch2WithMain.vcxproj", "{8bd3552a-2cfb-4a59-ab15-2031b97ada1e}"
	ProjectSection(ProjectDependencies) = postProject
		{8d538cbe-01bf-4a2e-a98a-6c368fdf13d7} = {8d538cbe-01bf-4a2e-a98a-6c368fdf13d7}
		{9A6DA909-A867-343E-9B6F-0F40494A986B} = {9A6DA909-A867-343E-9B6F-0F40494A986B}
	EndProjectSection
EndProject
Project("{8BC9CEB8-8B4A-11D0-8D11-00A0C91BC942}") = "Continuous", "Continuous.vcxproj", "{9F7C0C0B-2D44-34AB-A0B4-001C6B219A71}"
	ProjectSection(ProjectDependencies) = postProject
		{9A6DA909-A867-343E-9B6F-0F40494A986B} = {9A6DA909-A867-343E-9B6F-0F40494A986B}
	EndProjectSection
EndProject
Project("{8BC9CEB8-8B4A-11D0-8D11-00A0C91BC942}") = "Experimental", "Experimental.vcxproj", "{F7487105-6857-32F6-98EB-F638636BDDAE}"
	ProjectSection(ProjectDependencies) = postProject
		{9A6DA909-A867-343E-9B6F-0F40494A986B} = {9A6DA909-A867-343E-9B6F-0F40494A986B}
	EndProjectSection
EndProject
Project("{8BC9CEB8-8B4A-11D0-8D11-00A0C91BC942}") = "INSTALL", "INSTALL.vcxproj", "{6AA94B54-7400-3C33-A141-FAFDCFFE4ADC}"
	ProjectSection(ProjectDependencies) = postProject
		{80D35FAF-D964-302C-A24E-528C0501F58E} = {80D35FAF-D964-302C-A24E-528C0501F58E}
		{9A6DA909-A867-343E-9B6F-0F40494A986B} = {9A6DA909-A867-343E-9B6F-0F40494A986B}
	EndProjectSection
EndProject
Project("{8BC9CEB8-8B4A-11D0-8D11-00A0C91BC942}") = "Nightly", "Nightly.vcxproj", "{B4C9EBBB-6E29-370F-BA9C-8B3C516FEAA1}"
	ProjectSection(ProjectDependencies) = postProject
		{9A6DA909-A867-343E-9B6F-0F40494A986B} = {9A6DA909-A867-343E-9B6F-0F40494A986B}
	EndProjectSection
EndProject
Project("{8BC9CEB8-8B4A-11D0-8D11-00A0C91BC942}") = "NightlyMemoryCheck", "NightlyMemoryCheck.vcxproj", "{A3979A8F-614F-3C6D-8F91-6409079BACB5}"
	ProjectSection(ProjectDependencies) = postProject
		{9A6DA909-A867-343E-9B6F-0F40494A986B} = {9A6DA909-A867-343E-9B6F-0F40494A986B}
	EndProjectSection
EndProject
Project("{8BC9CEB8-8B4A-11D0-8D11-00A0C91BC942}") = "RUN_TESTS", "RUN_TESTS.vcxproj", "{6445AD26-B055-3116-AEDC-6C2562BD4DED}"
	ProjectSection(ProjectDependencies) = postProject
		{9A6DA909-A867-343E-9B6F-0F40494A986B} = {9A6DA909-A867-343E-9B6F-0F40494A986B}
	EndProjectSection
EndProject
Project("{8BC9CEB8-8B4A-11D0-8D11-00A0C91BC942}") = "XrApiLayer_api_dump", "src\api_layers\XrApiLayer_api_dump.vcxproj", "{DDEB0100-6052-3815-91E5-E699C3551093}"
	ProjectSection(ProjectDependencies) = postProject
		{9A6DA909-A867-343E-9B6F-0F40494A986B} = {9A6DA909-A867-343E-9B6F-0F40494A986B}
		{95243868-622B-3467-9546-76AE7807D193} = {95243868-622B-3467-9546-76AE7807D193}
		{23B0DB42-8E3E-34E1-8B77-48AF03BB2D9B} = {23B0DB42-8E3E-34E1-8B77-48AF03BB2D9B}
	EndProjectSection
EndProject
Project("{8BC9CEB8-8B4A-11D0-8D11-00A0C91BC942}") = "XrApiLayer_core_validation", "src\api_layers\XrApiLayer_core_validation.vcxproj", "{C0DDF672-658C-3DE3-BD4A-36B0332CE2BD}"
	ProjectSection(ProjectDependencies) = postProject
		{9A6DA909-A867-343E-9B6F-0F40494A986B} = {9A6DA909-A867-343E-9B6F-0F40494A986B}
		{95243868-622B-3467-9546-76AE7807D193} = {95243868-622B-3467-9546-76AE7807D193}
		{23B0DB42-8E3E-34E1-8B77-48AF03BB2D9B} = {23B0DB42-8E3E-34E1-8B77-48AF03BB2D9B}
	EndProjectSection
EndProject
Project("{8BC9CEB8-8B4A-11D0-8D11-00A0C91BC942}") = "XrApiLayer_test", "src\tests\loader_test\test_layers\XrApiLayer_test.vcxproj", "{50B3F631-8FC3-33FF-A60A-BDEE7132C1A8}"
	ProjectSection(ProjectDependencies) = postProject
		{9A6DA909-A867-343E-9B6F-0F40494A986B} = {9A6DA909-A867-343E-9B6F-0F40494A986B}
		{95243868-622B-3467-9546-76AE7807D193} = {95243868-622B-3467-9546-76AE7807D193}
		{EE99215B-D02F-301F-BE88-AF62EF8A920B} = {EE99215B-D02F-301F-BE88-AF62EF8A920B}
	EndProjectSection
EndProject
Project("{8BC9CEB8-8B4A-11D0-8D11-00A0C91BC942}") = "ZERO_CHECK", "ZERO_CHECK.vcxproj", "{9A6DA909-A867-343E-9B6F-0F40494A986B}"
	ProjectSection(ProjectDependencies) = postProject
	EndProjectSection
EndProject
Project("{8BC9CEB8-8B4A-11D0-8D11-00A0C91BC942}") = "generate_openxr_header", "include\openxr\generate_openxr_header.vcxproj", "{95243868-622B-3467-9546-76AE7807D193}"
	ProjectSection(ProjectDependencies) = postProject
		{9A6DA909-A867-343E-9B6F-0F40494A986B} = {9A6DA909-A867-343E-9B6F-0F40494A986B}
	EndProjectSection
EndProject
Project("{8BC9CEB8-8B4A-11D0-8D11-00A0C91BC942}") = "hello_xr", "src\tests\hello_xr\hello_xr.vcxproj", "{9B30521F-C4A2-3FCF-A4EF-C98CEB38BDE5}"
	ProjectSection(ProjectDependencies) = postProject
		{9A6DA909-A867-343E-9B6F-0F40494A986B} = {9A6DA909-A867-343E-9B6F-0F40494A986B}
		{95243868-622B-3467-9546-76AE7807D193} = {95243868-622B-3467-9546-76AE7807D193}
		{7E9E7A59-23B7-3390-96B2-98B014C9C1BB} = {7E9E7A59-23B7-3390-96B2-98B014C9C1BB}
		{67711E3E-3C75-389D-9A1C-28F42A01B23E} = {67711E3E-3C75-389D-9A1C-28F42A01B23E}
		{5AE6C415-2C05-37E0-9AE7-FD49C2ABDB5E} = {5AE6C415-2C05-37E0-9AE7-FD49C2ABDB5E}
	EndProjectSection
EndProject
Project("{8BC9CEB8-8B4A-11D0-8D11-00A0C91BC942}") = "loader_test", "src\tests\loader_test\loader_test.vcxproj", "{53225BC5-A349-3833-8218-B325206208BD}"
	ProjectSection(ProjectDependencies) = postProject
		{8d538cbe-01bf-4a2e-a98a-6c368fdf13d7} = {8d538cbe-01bf-4a2e-a98a-6c368fdf13d7}
		{8bd3552a-2cfb-4a59-ab15-2031b97ada1e} = {8bd3552a-2cfb-4a59-ab15-2031b97ada1e}
		{DDEB0100-6052-3815-91E5-E699C3551093} = {DDEB0100-6052-3815-91E5-E699C3551093}
		{50B3F631-8FC3-33FF-A60A-BDEE7132C1A8} = {50B3F631-8FC3-33FF-A60A-BDEE7132C1A8}
		{9A6DA909-A867-343E-9B6F-0F40494A986B} = {9A6DA909-A867-343E-9B6F-0F40494A986B}
		{95243868-622B-3467-9546-76AE7807D193} = {95243868-622B-3467-9546-76AE7807D193}
		{7E9E7A59-23B7-3390-96B2-98B014C9C1BB} = {7E9E7A59-23B7-3390-96B2-98B014C9C1BB}
		{67711E3E-3C75-389D-9A1C-28F42A01B23E} = {67711E3E-3C75-389D-9A1C-28F42A01B23E}
		{373DD5C6-6208-3A87-B824-6F711DBA3E0B} = {373DD5C6-6208-3A87-B824-6F711DBA3E0B}
	EndProjectSection
EndProject
Project("{8BC9CEB8-8B4A-11D0-8D11-00A0C91BC942}") = "openxr-gfxwrapper", "src\openxr-gfxwrapper.vcxproj", "{7E9E7A59-23B7-3390-96B2-98B014C9C1BB}"
	ProjectSection(ProjectDependencies) = postProject
		{9A6DA909-A867-343E-9B6F-0F40494A986B} = {9A6DA909-A867-343E-9B6F-0F40494A986B}
	EndProjectSection
EndProject
Project("{8BC9CEB8-8B4A-11D0-8D11-00A0C91BC942}") = "openxr_c_compile_test", "src\tests\c_compile_test\openxr_c_compile_test.vcxproj", "{51EDEF0B-62BF-3CFE-B0CC-440C6DAA3157}"
	ProjectSection(ProjectDependencies) = postProject
		{9A6DA909-A867-343E-9B6F-0F40494A986B} = {9A6DA909-A867-343E-9B6F-0F40494A986B}
		{95243868-622B-3467-9546-76AE7807D193} = {95243868-622B-3467-9546-76AE7807D193}
		{67711E3E-3C75-389D-9A1C-28F42A01B23E} = {67711E3E-3C75-389D-9A1C-28F42A01B23E}
	EndProjectSection
EndProject
Project("{8BC9CEB8-8B4A-11D0-8D11-00A0C91BC942}") = "openxr_loader", "src\loader\openxr_loader.vcxproj", "{67711E3E-3C75-389D-9A1C-28F42A01B23E}"
	ProjectSection(ProjectDependencies) = postProject
		{9A6DA909-A867-343E-9B6F-0F40494A986B} = {9A6DA909-A867-343E-9B6F-0F40494A986B}
		{95243868-622B-3467-9546-76AE7807D193} = {95243868-622B-3467-9546-76AE7807D193}
		{EE99215B-D02F-301F-BE88-AF62EF8A920B} = {EE99215B-D02F-301F-BE88-AF62EF8A920B}
	EndProjectSection
EndProject
Project("{8BC9CEB8-8B4A-11D0-8D11-00A0C91BC942}") = "openxr_runtime_list", "src\tests\list\openxr_runtime_list.vcxproj", "{747A9889-0B15-3AFE-8A50-2970ABB2507D}"
	ProjectSection(ProjectDependencies) = postProject
		{9A6DA909-A867-343E-9B6F-0F40494A986B} = {9A6DA909-A867-343E-9B6F-0F40494A986B}
		{95243868-622B-3467-9546-76AE7807D193} = {95243868-622B-3467-9546-76AE7807D193}
		{67711E3E-3C75-389D-9A1C-28F42A01B23E} = {67711E3E-3C75-389D-9A1C-28F42A01B23E}
	EndProjectSection
EndProject
Project("{8BC9CEB8-8B4A-11D0-8D11-00A0C91BC942}") = "openxr_runtime_list_json", "src\tests\list_json\openxr_runtime_list_json.vcxproj", "{922D334D-B474-3C57-93A5-29BBB4980A6C}"
	ProjectSection(ProjectDependencies) = postProject
		{9A6DA909-A867-343E-9B6F-0F40494A986B} = {9A6DA909-A867-343E-9B6F-0F40494A986B}
		{95243868-622B-3467-9546-76AE7807D193} = {95243868-622B-3467-9546-76AE7807D193}
		{67711E3E-3C75-389D-9A1C-28F42A01B23E} = {67711E3E-3C75-389D-9A1C-28F42A01B23E}
	EndProjectSection
EndProject
Project("{8BC9CEB8-8B4A-11D0-8D11-00A0C91BC942}") = "run_hello_xr_glsl_compiles", "src\tests\hello_xr\run_hello_xr_glsl_compiles.vcxproj", "{5AE6C415-2C05-37E0-9AE7-FD49C2ABDB5E}"
	ProjectSection(ProjectDependencies) = postProject
		{9A6DA909-A867-343E-9B6F-0F40494A986B} = {9A6DA909-A867-343E-9B6F-0F40494A986B}
	EndProjectSection
EndProject
Project("{8BC9CEB8-8B4A-11D0-8D11-00A0C91BC942}") = "test_runtime", "src\tests\loader_test\test_runtimes\test_runtime.vcxproj", "{373DD5C6-6208-3A87-B824-6F711DBA3E0B}"
	ProjectSection(ProjectDependencies) = postProject
		{9A6DA909-A867-343E-9B6F-0F40494A986B} = {9A6DA909-A867-343E-9B6F-0F40494A986B}
		{95243868-622B-3467-9546-76AE7807D193} = {95243868-622B-3467-9546-76AE7807D193}
		{EE99215B-D02F-301F-BE88-AF62EF8A920B} = {EE99215B-D02F-301F-BE88-AF62EF8A920B}
	EndProjectSection
EndProject
Project("{8BC9CEB8-8B4A-11D0-8D11-00A0C91BC942}") = "uninstall", "uninstall.vcxproj", "{BC9E2B5D-ADAB-30F8-BFE7-9039AED0F6CD}"
	ProjectSection(ProjectDependencies) = postProject
		{9A6DA909-A867-343E-9B6F-0F40494A986B} = {9A6DA909-A867-343E-9B6F-0F40494A986B}
	EndProjectSection
EndProject
Project("{8BC9CEB8-8B4A-11D0-8D11-00A0C91BC942}") = "xr_common_generated_files", "src\xr_common_generated_files.vcxproj", "{23B0DB42-8E3E-34E1-8B77-48AF03BB2D9B}"
	ProjectSection(ProjectDependencies) = postProject
		{9A6DA909-A867-343E-9B6F-0F40494A986B} = {9A6DA909-A867-343E-9B6F-0F40494A986B}
	EndProjectSection
EndProject
Project("{8BC9CEB8-8B4A-11D0-8D11-00A0C91BC942}") = "xr_global_generated_files", "src\xr_global_generated_files.vcxproj", "{EE99215B-D02F-301F-BE88-AF62EF8A920B}"
	ProjectSection(ProjectDependencies) = postProject
		{9A6DA909-A867-343E-9B6F-0F40494A986B} = {9A6DA909-A867-343E-9B6F-0F40494A986B}
	EndProjectSection
EndProject
Global
	GlobalSection(SolutionConfigurationPlatforms) = preSolution
		Debug|x64 = Debug|x64
		Release|x64 = Release|x64
		MinSizeRel|x64 = MinSizeRel|x64
		RelWithDebInfo|x64 = RelWithDebInfo|x64
	EndGlobalSection
	GlobalSection(ProjectConfigurationPlatforms) = postSolution
		{80D35FAF-D964-302C-A24E-528C0501F58E}.Debug|x64.ActiveCfg = Debug|x64
		{80D35FAF-D964-302C-A24E-528C0501F58E}.Debug|x64.Build.0 = Debug|x64
		{80D35FAF-D964-302C-A24E-528C0501F58E}.Release|x64.ActiveCfg = Release|x64
		{80D35FAF-D964-302C-A24E-528C0501F58E}.Release|x64.Build.0 = Release|x64
		{80D35FAF-D964-302C-A24E-528C0501F58E}.MinSizeRel|x64.ActiveCfg = MinSizeRel|x64
		{80D35FAF-D964-302C-A24E-528C0501F58E}.MinSizeRel|x64.Build.0 = MinSizeRel|x64
		{80D35FAF-D964-302C-A24E-528C0501F58E}.RelWithDebInfo|x64.ActiveCfg = RelWithDebInfo|x64
		{80D35FAF-D964-302C-A24E-528C0501F58E}.RelWithDebInfo|x64.Build.0 = RelWithDebInfo|x64
		{8d538cbe-01bf-4a2e-a98a-6c368fdf13d7}.Debug|x64.ActiveCfg = Debug|x64
		{8d538cbe-01bf-4a2e-a98a-6c368fdf13d7}.Debug|x64.Build.0 = Debug|x64
		{8d538cbe-01bf-4a2e-a98a-6c368fdf13d7}.Release|x64.ActiveCfg = Release|x64
		{8d538cbe-01bf-4a2e-a98a-6c368fdf13d7}.Release|x64.Build.0 = Release|x64
		{8d538cbe-01bf-4a2e-a98a-6c368fdf13d7}.MinSizeRel|x64.ActiveCfg = MinSizeRel|x64
		{8d538cbe-01bf-4a2e-a98a-6c368fdf13d7}.MinSizeRel|x64.Build.0 = MinSizeRel|x64
		{8d538cbe-01bf-4a2e-a98a-6c368fdf13d7}.RelWithDebInfo|x64.ActiveCfg = RelWithDebInfo|x64
		{8d538cbe-01bf-4a2e-a98a-6c368fdf13d7}.RelWithDebInfo|x64.Build.0 = RelWithDebInfo|x64
		{8bd3552a-2cfb-4a59-ab15-2031b97ada1e}.Debug|x64.ActiveCfg = Debug|x64
		{8bd3552a-2cfb-4a59-ab15-2031b97ada1e}.Debug|x64.Build.0 = Debug|x64
		{8bd3552a-2cfb-4a59-ab15-2031b97ada1e}.Release|x64.ActiveCfg = Release|x64
		{8bd3552a-2cfb-4a59-ab15-2031b97ada1e}.Release|x64.Build.0 = Release|x64
		{8bd3552a-2cfb-4a59-ab15-2031b97ada1e}.MinSizeRel|x64.ActiveCfg = MinSizeRel|x64
		{8bd3552a-2cfb-4a59-ab15-2031b97ada1e}.MinSizeRel|x64.Build.0 = MinSizeRel|x64
		{8bd3552a-2cfb-4a59-ab15-2031b97ada1e}.RelWithDebInfo|x64.ActiveCfg = RelWithDebInfo|x64
		{8bd3552a-2cfb-4a59-ab15-2031b97ada1e}.RelWithDebInfo|x64.Build.0 = RelWithDebInfo|x64
		{9F7C0C0B-2D44-34AB-A0B4-001C6B219A71}.Debug|x64.ActiveCfg = Debug|x64
		{9F7C0C0B-2D44-34AB-A0B4-001C6B219A71}.Release|x64.ActiveCfg = Release|x64
		{9F7C0C0B-2D44-34AB-A0B4-001C6B219A71}.MinSizeRel|x64.ActiveCfg = MinSizeRel|x64
		{9F7C0C0B-2D44-34AB-A0B4-001C6B219A71}.RelWithDebInfo|x64.ActiveCfg = RelWithDebInfo|x64
		{F7487105-6857-32F6-98EB-F638636BDDAE}.Debug|x64.ActiveCfg = Debug|x64
		{F7487105-6857-32F6-98EB-F638636BDDAE}.Release|x64.ActiveCfg = Release|x64
		{F7487105-6857-32F6-98EB-F638636BDDAE}.MinSizeRel|x64.ActiveCfg = MinSizeRel|x64
		{F7487105-6857-32F6-98EB-F638636BDDAE}.RelWithDebInfo|x64.ActiveCfg = RelWithDebInfo|x64
		{6AA94B54-7400-3C33-A141-FAFDCFFE4ADC}.Debug|x64.ActiveCfg = Debug|x64
		{6AA94B54-7400-3C33-A141-FAFDCFFE4ADC}.Release|x64.ActiveCfg = Release|x64
		{6AA94B54-7400-3C33-A141-FAFDCFFE4ADC}.MinSizeRel|x64.ActiveCfg = MinSizeRel|x64
		{6AA94B54-7400-3C33-A141-FAFDCFFE4ADC}.RelWithDebInfo|x64.ActiveCfg = RelWithDebInfo|x64
		{B4C9EBBB-6E29-370F-BA9C-8B3C516FEAA1}.Debug|x64.ActiveCfg = Debug|x64
		{B4C9EBBB-6E29-370F-BA9C-8B3C516FEAA1}.Release|x64.ActiveCfg = Release|x64
		{B4C9EBBB-6E29-370F-BA9C-8B3C516FEAA1}.MinSizeRel|x64.ActiveCfg = MinSizeRel|x64
		{B4C9EBBB-6E29-370F-BA9C-8B3C516FEAA1}.RelWithDebInfo|x64.ActiveCfg = RelWithDebInfo|x64
		{A3979A8F-614F-3C6D-8F91-6409079BACB5}.Debug|x64.ActiveCfg = Debug|x64
		{A3979A8F-614F-3C6D-8F91-6409079BACB5}.Release|x64.ActiveCfg = Release|x64
		{A3979A8F-614F-3C6D-8F91-6409079BACB5}.MinSizeRel|x64.ActiveCfg = MinSizeRel|x64
		{A3979A8F-614F-3C6D-8F91-6409079BACB5}.RelWithDebInfo|x64.ActiveCfg = RelWithDebInfo|x64
		{6445AD26-B055-3116-AEDC-6C2562BD4DED}.Debug|x64.ActiveCfg = Debug|x64
		{6445AD26-B055-3116-AEDC-6C2562BD4DED}.Release|x64.ActiveCfg = Release|x64
		{6445AD26-B055-3116-AEDC-6C2562BD4DED}.MinSizeRel|x64.ActiveCfg = MinSizeRel|x64
		{6445AD26-B055-3116-AEDC-6C2562BD4DED}.RelWithDebInfo|x64.ActiveCfg = RelWithDebInfo|x64
		{DDEB0100-6052-3815-91E5-E699C3551093}.Debug|x64.ActiveCfg = Debug|x64
		{DDEB0100-6052-3815-91E5-E699C3551093}.Debug|x64.Build.0 = Debug|x64
		{DDEB0100-6052-3815-91E5-E699C3551093}.Release|x64.ActiveCfg = Release|x64
		{DDEB0100-6052-3815-91E5-E699C3551093}.Release|x64.Build.0 = Release|x64
		{DDEB0100-6052-3815-91E5-E699C3551093}.MinSizeRel|x64.ActiveCfg = MinSizeRel|x64
		{DDEB0100-6052-3815-91E5-E699C3551093}.MinSizeRel|x64.Build.0 = MinSizeRel|x64
		{DDEB0100-6052-3815-91E5-E699C3551093}.RelWithDebInfo|x64.ActiveCfg = RelWithDebInfo|x64
		{DDEB0100-6052-3815-91E5-E699C3551093}.RelWithDebInfo|x64.Build.0 = RelWithDebInfo|x64
		{C0DDF672-658C-3DE3-BD4A-36B0332CE2BD}.Debug|x64.ActiveCfg = Debug|x64
		{C0DDF672-658C-3DE3-BD4A-36B0332CE2BD}.Debug|x64.Build.0 = Debug|x64
		{C0DDF672-658C-3DE3-BD4A-36B0332CE2BD}.Release|x64.ActiveCfg = Release|x64
		{C0DDF672-658C-3DE3-BD4A-36B0332CE2BD}.Release|x64.Build.0 = Release|x64
		{C0DDF672-658C-3DE3-BD4A-36B0332CE2BD}.MinSizeRel|x64.ActiveCfg = MinSizeRel|x64
		{C0DDF672-658C-3DE3-BD4A-36B0332CE2BD}.MinSizeRel|x64.Build.0 = MinSizeRel|x64
		{C0DDF672-658C-3DE3-BD4A-36B0332CE2BD}.RelWithDebInfo|x64.ActiveCfg = RelWithDebInfo|x64
		{C0DDF672-658C-3DE3-BD4A-36B0332CE2BD}.RelWithDebInfo|x64.Build.0 = RelWithDebInfo|x64
		{50B3F631-8FC3-33FF-A60A-BDEE7132C1A8}.Debug|x64.ActiveCfg = Debug|x64
		{50B3F631-8FC3-33FF-A60A-BDEE7132C1A8}.Debug|x64.Build.0 = Debug|x64
		{50B3F631-8FC3-33FF-A60A-BDEE7132C1A8}.Release|x64.ActiveCfg = Release|x64
		{50B3F631-8FC3-33FF-A60A-BDEE7132C1A8}.Release|x64.Build.0 = Release|x64
		{50B3F631-8FC3-33FF-A60A-BDEE7132C1A8}.MinSizeRel|x64.ActiveCfg = MinSizeRel|x64
		{50B3F631-8FC3-33FF-A60A-BDEE7132C1A8}.MinSizeRel|x64.Build.0 = MinSizeRel|x64
		{50B3F631-8FC3-33FF-A60A-BDEE7132C1A8}.RelWithDebInfo|x64.ActiveCfg = RelWithDebInfo|x64
		{50B3F631-8FC3-33FF-A60A-BDEE7132C1A8}.RelWithDebInfo|x64.Build.0 = RelWithDebInfo|x64
		{9A6DA909-A867-343E-9B6F-0F40494A986B}.Debug|x64.ActiveCfg = Debug|x64
		{9A6DA909-A867-343E-9B6F-0F40494A986B}.Debug|x64.Build.0 = Debug|x64
		{9A6DA909-A867-343E-9B6F-0F40494A986B}.Release|x64.ActiveCfg = Release|x64
		{9A6DA909-A867-343E-9B6F-0F40494A986B}.Release|x64.Build.0 = Release|x64
		{9A6DA909-A867-343E-9B6F-0F40494A986B}.MinSizeRel|x64.ActiveCfg = MinSizeRel|x64
		{9A6DA909-A867-343E-9B6F-0F40494A986B}.MinSizeRel|x64.Build.0 = MinSizeRel|x64
		{9A6DA909-A867-343E-9B6F-0F40494A986B}.RelWithDebInfo|x64.ActiveCfg = RelWithDebInfo|x64
		{9A6DA909-A867-343E-9B6F-0F40494A986B}.RelWithDebInfo|x64.Build.0 = RelWithDebInfo|x64
		{95243868-622B-3467-9546-76AE7807D193}.Debug|x64.ActiveCfg = Debug|x64
		{95243868-622B-3467-9546-76AE7807D193}.Debug|x64.Build.0 = Debug|x64
		{95243868-622B-3467-9546-76AE7807D193}.Release|x64.ActiveCfg = Release|x64
		{95243868-622B-3467-9546-76AE7807D193}.Release|x64.Build.0 = Release|x64
		{95243868-622B-3467-9546-76AE7807D193}.MinSizeRel|x64.ActiveCfg = MinSizeRel|x64
		{95243868-622B-3467-9546-76AE7807D193}.MinSizeRel|x64.Build.0 = MinSizeRel|x64
		{95243868-622B-3467-9546-76AE7807D193}.RelWithDebInfo|x64.ActiveCfg = RelWithDebInfo|x64
		{95243868-622B-3467-9546-76AE7807D193}.RelWithDebInfo|x64.Build.0 = RelWithDebInfo|x64
		{9B30521F-C4A2-3FCF-A4EF-C98CEB38BDE5}.Debug|x64.ActiveCfg = Debug|x64
		{9B30521F-C4A2-3FCF-A4EF-C98CEB38BDE5}.Debug|x64.Build.0 = Debug|x64
		{9B30521F-C4A2-3FCF-A4EF-C98CEB38BDE5}.Release|x64.ActiveCfg = Release|x64
		{9B30521F-C4A2-3FCF-A4EF-C98CEB38BDE5}.Release|x64.Build.0 = Release|x64
		{9B30521F-C4A2-3FCF-A4EF-C98CEB38BDE5}.MinSizeRel|x64.ActiveCfg = MinSizeRel|x64
		{9B30521F-C4A2-3FCF-A4EF-C98CEB38BDE5}.MinSizeRel|x64.Build.0 = MinSizeRel|x64
		{9B30521F-C4A2-3FCF-A4EF-C98CEB38BDE5}.RelWithDebInfo|x64.ActiveCfg = RelWithDebInfo|x64
		{9B30521F-C4A2-3FCF-A4EF-C98CEB38BDE5}.RelWithDebInfo|x64.Build.0 = RelWithDebInfo|x64
		{53225BC5-A349-3833-8218-B325206208BD}.Debug|x64.ActiveCfg = Debug|x64
		{53225BC5-A349-3833-8218-B325206208BD}.Debug|x64.Build.0 = Debug|x64
		{53225BC5-A349-3833-8218-B325206208BD}.Release|x64.ActiveCfg = Release|x64
		{53225BC5-A349-3833-8218-B325206208BD}.Release|x64.Build.0 = Release|x64
		{53225BC5-A349-3833-8218-B325206208BD}.MinSizeRel|x64.ActiveCfg = MinSizeRel|x64
		{53225BC5-A349-3833-8218-B325206208BD}.MinSizeRel|x64.Build.0 = MinSizeRel|x64
		{53225BC5-A349-3833-8218-B325206208BD}.RelWithDebInfo|x64.ActiveCfg = RelWithDebInfo|x64
		{53225BC5-A349-3833-8218-B325206208BD}.RelWithDebInfo|x64.Build.0 = RelWithDebInfo|x64
		{7E9E7A59-23B7-3390-96B2-98B014C9C1BB}.Debug|x64.ActiveCfg = Debug|x64
		{7E9E7A59-23B7-3390-96B2-98B014C9C1BB}.Debug|x64.Build.0 = Debug|x64
		{7E9E7A59-23B7-3390-96B2-98B014C9C1BB}.Release|x64.ActiveCfg = Release|x64
		{7E9E7A59-23B7-3390-96B2-98B014C9C1BB}.Release|x64.Build.0 = Release|x64
		{7E9E7A59-23B7-3390-96B2-98B014C9C1BB}.MinSizeRel|x64.ActiveCfg = MinSizeRel|x64
		{7E9E7A59-23B7-3390-96B2-98B014C9C1BB}.MinSizeRel|x64.Build.0 = MinSizeRel|x64
		{7E9E7A59-23B7-3390-96B2-98B014C9C1BB}.RelWithDebInfo|x64.ActiveCfg = RelWithDebInfo|x64
		{7E9E7A59-23B7-3390-96B2-98B014C9C1BB}.RelWithDebInfo|x64.Build.0 = RelWithDebInfo|x64
		{51EDEF0B-62BF-3CFE-B0CC-440C6DAA3157}.Debug|x64.ActiveCfg = Debug|x64
		{51EDEF0B-62BF-3CFE-B0CC-440C6DAA3157}.Debug|x64.Build.0 = Debug|x64
		{51EDEF0B-62BF-3CFE-B0CC-440C6DAA3157}.Release|x64.ActiveCfg = Release|x64
		{51EDEF0B-62BF-3CFE-B0CC-440C6DAA3157}.Release|x64.Build.0 = Release|x64
		{51EDEF0B-62BF-3CFE-B0CC-440C6DAA3157}.MinSizeRel|x64.ActiveCfg = MinSizeRel|x64
		{51EDEF0B-62BF-3CFE-B0CC-440C6DAA3157}.MinSizeRel|x64.Build.0 = MinSizeRel|x64
		{51EDEF0B-62BF-3CFE-B0CC-440C6DAA3157}.RelWithDebInfo|x64.ActiveCfg = RelWithDebInfo|x64
		{51EDEF0B-62BF-3CFE-B0CC-440C6DAA3157}.RelWithDebInfo|x64.Build.0 = RelWithDebInfo|x64
		{67711E3E-3C75-389D-9A1C-28F42A01B23E}.Debug|x64.ActiveCfg = Debug|x64
		{67711E3E-3C75-389D-9A1C-28F42A01B23E}.Debug|x64.Build.0 = Debug|x64
		{67711E3E-3C75-389D-9A1C-28F42A01B23E}.Release|x64.ActiveCfg = Release|x64
		{67711E3E-3C75-389D-9A1C-28F42A01B23E}.Release|x64.Build.0 = Release|x64
		{67711E3E-3C75-389D-9A1C-28F42A01B23E}.MinSizeRel|x64.ActiveCfg = MinSizeRel|x64
		{67711E3E-3C75-389D-9A1C-28F42A01B23E}.MinSizeRel|x64.Build.0 = MinSizeRel|x64
		{67711E3E-3C75-389D-9A1C-28F42A01B23E}.RelWithDebInfo|x64.ActiveCfg = RelWithDebInfo|x64
		{67711E3E-3C75-389D-9A1C-28F42A01B23E}.RelWithDebInfo|x64.Build.0 = RelWithDebInfo|x64
		{747A9889-0B15-3AFE-8A50-2970ABB2507D}.Debug|x64.ActiveCfg = Debug|x64
		{747A9889-0B15-3AFE-8A50-2970ABB2507D}.Debug|x64.Build.0 = Debug|x64
		{747A9889-0B15-3AFE-8A50-2970ABB2507D}.Release|x64.ActiveCfg = Release|x64
		{747A9889-0B15-3AFE-8A50-2970ABB2507D}.Release|x64.Build.0 = Release|x64
		{747A9889-0B15-3AFE-8A50-2970ABB2507D}.MinSizeRel|x64.ActiveCfg = MinSizeRel|x64
		{747A9889-0B15-3AFE-8A50-2970ABB2507D}.MinSizeRel|x64.Build.0 = MinSizeRel|x64
		{747A9889-0B15-3AFE-8A50-2970ABB2507D}.RelWithDebInfo|x64.ActiveCfg = RelWithDebInfo|x64
		{747A9889-0B15-3AFE-8A50-2970ABB2507D}.RelWithDebInfo|x64.Build.0 = RelWithDebInfo|x64
		{922D334D-B474-3C57-93A5-29BBB4980A6C}.Debug|x64.ActiveCfg = Debug|x64
		{922D334D-B474-3C57-93A5-29BBB4980A6C}.Debug|x64.Build.0 = Debug|x64
		{922D334D-B474-3C57-93A5-29BBB4980A6C}.Release|x64.ActiveCfg = Release|x64
		{922D334D-B474-3C57-93A5-29BBB4980A6C}.Release|x64.Build.0 = Release|x64
		{922D334D-B474-3C57-93A5-29BBB4980A6C}.MinSizeRel|x64.ActiveCfg = MinSizeRel|x64
		{922D334D-B474-3C57-93A5-29BBB4980A6C}.MinSizeRel|x64.Build.0 = MinSizeRel|x64
		{922D334D-B474-3C57-93A5-29BBB4980A6C}.RelWithDebInfo|x64.ActiveCfg = RelWithDebInfo|x64
		{922D334D-B474-3C57-93A5-29BBB4980A6C}.RelWithDebInfo|x64.Build.0 = RelWithDebInfo|x64
		{5AE6C415-2C05-37E0-9AE7-FD49C2ABDB5E}.Debug|x64.ActiveCfg = Debug|x64
		{5AE6C415-2C05-37E0-9AE7-FD49C2ABDB5E}.Debug|x64.Build.0 = Debug|x64
		{5AE6C415-2C05-37E0-9AE7-FD49C2ABDB5E}.Release|x64.ActiveCfg = Release|x64
		{5AE6C415-2C05-37E0-9AE7-FD49C2ABDB5E}.Release|x64.Build.0 = Release|x64
		{5AE6C415-2C05-37E0-9AE7-FD49C2ABDB5E}.MinSizeRel|x64.ActiveCfg = MinSizeRel|x64
		{5AE6C415-2C05-37E0-9AE7-FD49C2ABDB5E}.MinSizeRel|x64.Build.0 = MinSizeRel|x64
		{5AE6C415-2C05-37E0-9AE7-FD49C2ABDB5E}.RelWithDebInfo|x64.ActiveCfg = RelWithDebInfo|x64
		{5AE6C415-2C05-37E0-9AE7-FD49C2ABDB5E}.RelWithDebInfo|x64.Build.0 = RelWithDebInfo|x64
		{373DD5C6-6208-3A87-B824-6F711DBA3E0B}.Debug|x64.ActiveCfg = Debug|x64
		{373DD5C6-6208-3A87-B824-6F711DBA3E0B}.Debug|x64.Build.0 = Debug|x64
		{373DD5C6-6208-3A87-B824-6F711DBA3E0B}.Release|x64.ActiveCfg = Release|x64
		{373DD5C6-6208-3A87-B824-6F711DBA3E0B}.Release|x64.Build.0 = Release|x64
		{373DD5C6-6208-3A87-B824-6F711DBA3E0B}.MinSizeRel|x64.ActiveCfg = MinSizeRel|x64
		{373DD5C6-6208-3A87-B824-6F711DBA3E0B}.MinSizeRel|x64.Build.0 = MinSizeRel|x64
		{373DD5C6-6208-3A87-B824-6F711DBA3E0B}.RelWithDebInfo|x64.ActiveCfg = RelWithDebInfo|x64
		{373DD5C6-6208-3A87-B824-6F711DBA3E0B}.RelWithDebInfo|x64.Build.0 = RelWithDebInfo|x64
		{BC9E2B5D-ADAB-30F8-BFE7-9039AED0F6CD}.Debug|x64.ActiveCfg = Debug|x64
		{BC9E2B5D-ADAB-30F8-BFE7-9039AED0F6CD}.Release|x64.ActiveCfg = Release|x64
		{BC9E2B5D-ADAB-30F8-BFE7-9039AED0F6CD}.MinSizeRel|x64.ActiveCfg = MinSizeRel|x64
		{BC9E2B5D-ADAB-30F8-BFE7-9039AED0F6CD}.RelWithDebInfo|x64.ActiveCfg = RelWithDebInfo|x64
		{23B0DB42-8E3E-34E1-8B77-48AF03BB2D9B}.Debug|x64.ActiveCfg = Debug|x64
		{23B0DB42-8E3E-34E1-8B77-48AF03BB2D9B}.Debug|x64.Build.0 = Debug|x64
		{23B0DB42-8E3E-34E1-8B77-48AF03BB2D9B}.Release|x64.ActiveCfg = Release|x64
		{23B0DB42-8E3E-34E1-8B77-48AF03BB2D9B}.Release|x64.Build.0 = Release|x64
		{23B0DB42-8E3E-34E1-8B77-48AF03BB2D9B}.MinSizeRel|x64.ActiveCfg = MinSizeRel|x64
		{23B0DB42-8E3E-34E1-8B77-48AF03BB2D9B}.MinSizeRel|x64.Build.0 = MinSizeRel|x64
		{23B0DB42-8E3E-34E1-8B77-48AF03BB2D9B}.RelWithDebInfo|x64.ActiveCfg = RelWithDebInfo|x64
		{23B0DB42-8E3E-34E1-8B77-48AF03BB2D9B}.RelWithDebInfo|x64.Build.0 = RelWithDebInfo|x64
		{EE99215B-D02F-301F-BE88-AF62EF8A920B}.Debug|x64.ActiveCfg = Debug|x64
		{EE99215B-D02F-301F-BE88-AF62EF8A920B}.Debug|x64.Build.0 = Debug|x64
		{EE99215B-D02F-301F-BE88-AF62EF8A920B}.Release|x64.ActiveCfg = Release|x64
		{EE99215B-D02F-301F-BE88-AF62EF8A920B}.Release|x64.Build.0 = Release|x64
		{EE99215B-D02F-301F-BE88-AF62EF8A920B}.MinSizeRel|x64.ActiveCfg = MinSizeRel|x64
		{EE99215B-D02F-301F-BE88-AF62EF8A920B}.MinSizeRel|x64.Build.0 = MinSizeRel|x64
		{EE99215B-D02F-301F-BE88-AF62EF8A920B}.RelWithDebInfo|x64.ActiveCfg = RelWithDebInfo|x64
		{EE99215B-D02F-301F-BE88-AF62EF8A920B}.RelWithDebInfo|x64.Build.0 = RelWithDebInfo|x64
	EndGlobalSection
	GlobalSection(NestedProjects) = preSolution
		{80D35FAF-D964-302C-A24E-528C0501F58E} = {ECC4B7EB-190B-3818-8405-BFEA915C07E0}
		{6AA94B54-7400-3C33-A141-FAFDCFFE4ADC} = {ECC4B7EB-190B-3818-8405-BFEA915C07E0}
		{6445AD26-B055-3116-AEDC-6C2562BD4DED} = {ECC4B7EB-190B-3818-8405-BFEA915C07E0}
		{9A6DA909-A867-343E-9B6F-0F40494A986B} = {ECC4B7EB-190B-3818-8405-BFEA915C07E0}
		{9F7C0C0B-2D44-34AB-A0B4-001C6B219A71} = {F433B67F-0FE8-3E75-B52C-9A5118D6C26E}
		{F7487105-6857-32F6-98EB-F638636BDDAE} = {F433B67F-0FE8-3E75-B52C-9A5118D6C26E}
		{B4C9EBBB-6E29-370F-BA9C-8B3C516FEAA1} = {F433B67F-0FE8-3E75-B52C-9A5118D6C26E}
		{A3979A8F-614F-3C6D-8F91-6409079BACB5} = {F433B67F-0FE8-3E75-B52C-9A5118D6C26E}
		{95243868-622B-3467-9546-76AE7807D193} = {CFA3800F-025C-3024-AD8C-573C738E2249}
		{23B0DB42-8E3E-34E1-8B77-48AF03BB2D9B} = {CFA3800F-025C-3024-AD8C-573C738E2249}
		{EE99215B-D02F-301F-BE88-AF62EF8A920B} = {CFA3800F-025C-3024-AD8C-573C738E2249}
		{7E9E7A59-23B7-3390-96B2-98B014C9C1BB} = {F547F0CC-9A38-3452-9F93-CD3D0A2D2ABE}
		{5AE6C415-2C05-37E0-9AE7-FD49C2ABDB5E} = {F547F0CC-9A38-3452-9F93-CD3D0A2D2ABE}
		{BC9E2B5D-ADAB-30F8-BFE7-9039AED0F6CD} = {F547F0CC-9A38-3452-9F93-CD3D0A2D2ABE}
		{DDEB0100-6052-3815-91E5-E699C3551093} = {3FAA5A68-0503-3DD6-AD0D-1A0D87B2FF18}
		{C0DDF672-658C-3DE3-BD4A-36B0332CE2BD} = {3FAA5A68-0503-3DD6-AD0D-1A0D87B2FF18}
		{67711E3E-3C75-389D-9A1C-28F42A01B23E} = {29ECAD22-88BE-324E-A3AC-B21A2C2872E2}
		{50B3F631-8FC3-33FF-A60A-BDEE7132C1A8} = {14103D38-C83B-3ABE-98F2-EE02BA6D2344}
		{53225BC5-A349-3833-8218-B325206208BD} = {14103D38-C83B-3ABE-98F2-EE02BA6D2344}
		{373DD5C6-6208-3A87-B824-6F711DBA3E0B} = {14103D38-C83B-3ABE-98F2-EE02BA6D2344}
		{9B30521F-C4A2-3FCF-A4EF-C98CEB38BDE5} = {C5C88F98-86E7-36AC-91B9-D5911E354BAE}
		{51EDEF0B-62BF-3CFE-B0CC-440C6DAA3157} = {7E8AD21F-C670-3C16-A134-A49610810AAC}
		{747A9889-0B15-3AFE-8A50-2970ABB2507D} = {7E8AD21F-C670-3C16-A134-A49610810AAC}
		{922D334D-B474-3C57-93A5-29BBB4980A6C} = {7E8AD21F-C670-3C16-A134-A49610810AAC}
	EndGlobalSection
	GlobalSection(ExtensibilityGlobals) = postSolution
		SolutionGuid = {39450944-C849-31BB-854C-8785377F8D59}
	EndGlobalSection
	GlobalSection(ExtensibilityAddIns) = postSolution
	EndGlobalSection
EndGlobal
