<?xml version="1.0" encoding="utf-8"?>
<Project ToolsVersion="17.0" xmlns="http://schemas.microsoft.com/developer/msbuild/2003">
  <ItemGroup>
    <ClCompile Include="C:\Users\kryst\Desktop\xrSim\lolec\OpenXR-SDK-Source-main\src\api_layers\core_validation.cpp">
      <Filter>Source Files</Filter>
    </ClCompile>
    <ClCompile Include="C:\Users\kryst\Desktop\xrSim\lolec\OpenXR-SDK-Source-main\src\common\object_info.cpp">
      <Filter>Source Files</Filter>
    </ClCompile>
    <ClCompile Include="C:\Users\kryst\Desktop\xrSim\lolec\OpenXR-SDK-Source-main\build\win64\src\api_layers\xr_generated_core_validation.cpp">
      <Filter>Source Files</Filter>
    </ClCompile>
    <ClCompile Include="C:\Users\kryst\Desktop\xrSim\lolec\OpenXR-SDK-Source-main\build\win64\src\xr_generated_dispatch_table.c">
      <Filter>Source Files</Filter>
    </ClCompile>
  </ItemGroup>
  <ItemGroup>
    <ClInclude Include="C:\Users\kryst\Desktop\xrSim\lolec\OpenXR-SDK-Source-main\src\common\hex_and_handles.h">
      <Filter>Header Files</Filter>
    </ClInclude>
    <ClInclude Include="C:\Users\kryst\Desktop\xrSim\lolec\OpenXR-SDK-Source-main\src\common\object_info.h">
      <Filter>Header Files</Filter>
    </ClInclude>
    <ClInclude Include="C:\Users\kryst\Desktop\xrSim\lolec\OpenXR-SDK-Source-main\build\win64\src\api_layers\xr_generated_core_validation.hpp">
      <Filter>Header Files</Filter>
    </ClInclude>
    <ClInclude Include="C:\Users\kryst\Desktop\xrSim\lolec\OpenXR-SDK-Source-main\build\win64\src\xr_generated_dispatch_table.h">
      <Filter>Header Files</Filter>
    </ClInclude>
  </ItemGroup>
  <ItemGroup>
    <CustomBuild Include="C:\Users\kryst\Desktop\xrSim\lolec\OpenXR-SDK-Source-main\build\win64\CMakeFiles\ebe72682fd69ade7f5dd79eca4778326\xr_generated_core_validation.hpp.rule">
      <Filter>CMake Rules</Filter>
    </CustomBuild>
    <CustomBuild Include="C:\Users\kryst\Desktop\xrSim\lolec\OpenXR-SDK-Source-main\build\win64\CMakeFiles\ebe72682fd69ade7f5dd79eca4778326\xr_generated_core_validation.cpp.rule">
      <Filter>CMake Rules</Filter>
    </CustomBuild>
    <CustomBuild Include="C:\Users\kryst\Desktop\xrSim\lolec\OpenXR-SDK-Source-main\build\win64\CMakeFiles\ebe72682fd69ade7f5dd79eca4778326\XrApiLayer_core_validation.json.rule">
      <Filter>CMake Rules</Filter>
    </CustomBuild>
    <CustomBuild Include="C:\Users\kryst\Desktop\xrSim\lolec\OpenXR-SDK-Source-main\src\api_layers\CMakeLists.txt" />
  </ItemGroup>
  <ItemGroup>
    <None Include="C:\Users\kryst\Desktop\xrSim\lolec\OpenXR-SDK-Source-main\build\win64\src\api_layers\XrApiLayer_core_validation.json" />
    <None Include="C:\Users\kryst\Desktop\xrSim\lolec\OpenXR-SDK-Source-main\src\api_layers\XrApiLayer_core_validation.def">
      <Filter>Source Files</Filter>
    </None>
  </ItemGroup>
  <ItemGroup>
    <Filter Include="CMake Rules">
      <UniqueIdentifier>{D1510FFA-839B-3B31-AA17-F2DD16E299A4}</UniqueIdentifier>
    </Filter>
    <Filter Include="Header Files">
      <UniqueIdentifier>{1CC8F645-C4DF-3088-8E55-1D97CDFAFB19}</UniqueIdentifier>
    </Filter>
    <Filter Include="Source Files">
      <UniqueIdentifier>{0016B141-DBB6-38DE-AFF6-CCB1C9717522}</UniqueIdentifier>
    </Filter>
  </ItemGroup>
</Project>
