<?xml version="1.0" encoding="utf-8"?>
<Project ToolsVersion="17.0" xmlns="http://schemas.microsoft.com/developer/msbuild/2003">
  <ItemGroup>
    <CustomBuild Include="C:\Users\kryst\Desktop\xrSim\lolec\OpenXR-SDK-Source-main\build\win64\CMakeFiles\5a319210a0a8b4402af698fba65b293a\RUN_TESTS_force.rule">
      <Filter>CMake Rules</Filter>
    </CustomBuild>
  </ItemGroup>
  <ItemGroup>
    <Filter Include="CMake Rules">
      <UniqueIdentifier>{D1510FFA-839B-3B31-AA17-F2DD16E299A4}</UniqueIdentifier>
    </Filter>
  </ItemGroup>
</Project>
